
Microsoft Visual Studio Solution File, Format Version 12.00
# Visual Studio 2013
VisualStudioVersion = 12.0.21005.1
MinimumVisualStudioVersion = 10.0.40219.1
Project("{8BC9CEB8-8B4A-11D0-8D11-00A0C91BC942}") = "WinGame32_chapter_15_0", "WinGame32_chapter_15_0\WinGame32_chapter_15_0.vcxproj", "{E4528AD5-893D-40AC-97F9-044953A88EDF}"
EndProject
Global
	GlobalSection(SolutionConfigurationPlatforms) = preSolution
		Debug|Win32 = Debug|Win32
		Release|Win32 = Release|Win32
	EndGlobalSection
	GlobalSection(ProjectConfigurationPlatforms) = postSolution
		{E4528AD5-893D-40AC-97F9-044953A88EDF}.Debug|Win32.ActiveCfg = Debug|Win32
		{E4528AD5-893D-40AC-97F9-044953A88EDF}.Debug|Win32.Build.0 = Debug|Win32
		{E4528AD5-893D-40AC-97F9-044953A88EDF}.Release|Win32.ActiveCfg = Release|Win32
		{E4528AD5-893D-40AC-97F9-044953A88EDF}.Release|Win32.Build.0 = Release|Win32
	EndGlobalSection
	GlobalSection(SolutionProperties) = preSolution
		HideSolutionNode = FALSE
	EndGlobalSection
EndGlobal
