
Microsoft Visual Studio Solution File, Format Version 12.00
# Visual Studio 2013
VisualStudioVersion = 12.0.21005.1
MinimumVisualStudioVersion = 10.0.40219.1
Project("{8BC9CEB8-8B4A-11D0-8D11-00A0C91BC942}") = "WinGame_chapter_10_0", "WinGame_chapter_10_0\WinGame_chapter_10_0.vcxproj", "{CC8EB85C-4316-499A-BEB5-13630D3A3C90}"
EndProject
Global
	GlobalSection(SolutionConfigurationPlatforms) = preSolution
		Debug|Win32 = Debug|Win32
		Release|Win32 = Release|Win32
	EndGlobalSection
	GlobalSection(ProjectConfigurationPlatforms) = postSolution
		{CC8EB85C-4316-499A-BEB5-13630D3A3C90}.Debug|Win32.ActiveCfg = Debug|Win32
		{CC8EB85C-4316-499A-BEB5-13630D3A3C90}.Debug|Win32.Build.0 = Debug|Win32
		{CC8EB85C-4316-499A-BEB5-13630D3A3C90}.Release|Win32.ActiveCfg = Release|Win32
		{CC8EB85C-4316-499A-BEB5-13630D3A3C90}.Release|Win32.Build.0 = Release|Win32
	EndGlobalSection
	GlobalSection(SolutionProperties) = preSolution
		HideSolutionNode = FALSE
	EndGlobalSection
EndGlobal
